
Microsoft Visual Studio Solution File, Format Version 12.00
# Visual Studio Version 17
VisualStudioVersion = 17.0.32112.339
MinimumVisualStudioVersion = 10.0.40219.1
Project("{FAE04EC0-301F-11D3-BF4B-00C04F79EFBC}") = "TeamRPG", "TeamRPG\TeamRPG.csproj", "{6DE6E301-253E-4003-9554-EB4B573FC4A9}"
EndProject
Global
	GlobalSection(SolutionConfigurationPlatforms) = preSolution
		Debug|Any CPU = Debug|Any CPU
		Release|Any CPU = Release|Any CPU
	EndGlobalSection
	GlobalSection(ProjectConfigurationPlatforms) = postSolution
		{6DE6E301-253E-4003-9554-EB4B573FC4A9}.Debug|Any CPU.ActiveCfg = Debug|Any CPU
		{6DE6E301-253E-4003-9554-EB4B573FC4A9}.Debug|Any CPU.Build.0 = Debug|Any CPU
		{6DE6E301-253E-4003-9554-EB4B573FC4A9}.Release|Any CPU.ActiveCfg = Release|Any CPU
		{6DE6E301-253E-4003-9554-EB4B573FC4A9}.Release|Any CPU.Build.0 = Release|Any CPU
	EndGlobalSection
	GlobalSection(SolutionProperties) = preSolution
		HideSolutionNode = FALSE
	EndGlobalSection
	GlobalSection(ExtensibilityGlobals) = postSolution
		SolutionGuid = {998B6C61-99F6-42D0-A855-7074F020C26E}
	EndGlobalSection
EndGlobal
